<?xml version="1.0" encoding="utf-8"?>
<Project ToolsVersion="4.0" xmlns="http://schemas.microsoft.com/developer/msbuild/2003">
  <ItemGroup>
    <Filter Include="Source Files">
      <UniqueIdentifier>{4FC737F1-C7A5-4376-A066-2A32D752A2FF}</UniqueIdentifier>
      <Extensions>cpp;c;cc;cxx;c++;cppm;ixx;def;odl;idl;hpj;bat;asm;asmx</Extensions>
    </Filter>
    <Filter Include="Header Files">
      <UniqueIdentifier>{93995380-89BD-4b04-88EB-625FBE52EBFB}</UniqueIdentifier>
      <Extensions>h;hh;hpp;hxx;h++;hm;inl;inc;ipp;xsd</Extensions>
    </Filter>
    <Filter Include="Resource Files">
      <UniqueIdentifier>{67DA6AB6-F800-4c08-8B7A-83BB121AAD01}</UniqueIdentifier>
      <Extensions>rc;ico;cur;bmp;dlg;rc2;rct;bin;rgs;gif;jpg;jpeg;jpe;resx;tiff;tif;png;wav;mfcribbon-ms</Extensions>
    </Filter>
  </ItemGroup>
  <ItemGroup>
    <ClInclude Include="AudioEngine\AudioEngine.h">
      <Filter>Header Files</Filter>
    </ClInclude>
    <ClInclude Include="AudioIO\AudioDeviceManager.h">
      <Filter>Header Files</Filter>
    </ClInclude>
    <ClInclude Include="AudioIO\AudioBuffer.h">
      <Filter>Header Files</Filter>
    </ClInclude>
    <ClInclude Include="Player\FFmpegDecoder.h">
      <Filter>Header Files</Filter>
    </ClInclude>
    <ClInclude Include="Player\AudioPlayer.h">
      <Filter>Header Files</Filter>
    </ClInclude>
    <ClInclude Include="DSP\AudioMixer.h">
      <Filter>Header Files</Filter>
    </ClInclude>
    <ClInclude Include="DSP\NoiseGate.h">
      <Filter>Header Files</Filter>
    </ClInclude>
    <ClInclude Include="DSP\Compressor.h">
      <Filter>Header Files</Filter>
    </ClInclude>
    <ClInclude Include="Reverb\Reverb.h">
      <Filter>Header Files</Filter>
    </ClInclude>
    <ClInclude Include="PitchDetector\PitchDetector.h">
      <Filter>Header Files</Filter>
    </ClInclude>
    <ClInclude Include="PitchAnalyzer\PitchAnalyzer.h">
      <Filter>Header Files</Filter>
    </ClInclude>
    <ClInclude Include="PitchWorker\PitchWorker.h">
      <Filter>Header Files</Filter>
    </ClInclude>
    <ClInclude Include="AudioIO\WavWriter.h">
      <Filter>Header Files</Filter>
    </ClInclude>
    <ClInclude Include="DSP\Limiter.h">
      <Filter>Header Files</Filter>
    </ClInclude>
    <ClInclude Include="UI\EffectsWidget.h">
      <Filter>Header Files</Filter>
    </ClInclude>
    <ClInclude Include="PitchShifter\PitchhiSfter.h">
      <Filter>Header Files</Filter>
    </ClInclude>
    <ClInclude Include="PitchShifter\PitchShifter.h">
      <Filter>Header Files</Filter>
    </ClInclude>
    <ClInclude Include="DSP\ScaleLocker.h">
      <Filter>Header Files</Filter>
    </ClInclude>
    <ClInclude Include="DSP\KeyDetector.h">
      <Filter>Header Files</Filter>
    </ClInclude>
    <ClInclude Include="DSP\BeatDetector.h">
      <Filter>Header Files</Filter>
    </ClInclude>
    <ClInclude Include="DSP\PitchCorrector.h">
      <Filter>Header Files</Filter>
    </ClInclude>
    <ClInclude Include="DSP\VocalReverb.h">
      <Filter>Header Files</Filter>
    </ClInclude>
    <ClInclude Include="NoiseSuppressor\Noisesuppressor.h">
      <Filter>Header Files</Filter>
    </ClInclude>
    <ClInclude Include="AudioIO\SPSCQueue.h">
      <Filter>Header Files</Filter>
    </ClInclude>
    <ClInclude Include="DSP\YinPitchDetector.h">
      <Filter>Header Files</Filter>
    </ClInclude>
    <ClInclude Include="KeyScaleMatcher\KeyScaleMatcher.h">
      <Filter>Header Files</Filter>
    </ClInclude>
    <ClInclude Include="AudioIO\PitchMetrics.h">
      <Filter>Header Files</Filter>
    </ClInclude>
    <ClInclude Include="AudioIO\TargetPitchTimeline.h">
      <Filter>Header Files</Filter>
    </ClInclude>
    <ClInclude Include="AudioIO\TargetMelodyLoader.h">
      <Filter>Header Files</Filter>
    </ClInclude>
    <ClInclude Include="AudioIO\PitchComparisonEngine.h">
      <Filter>Header Files</Filter>
    </ClInclude>
    <ClInclude Include="AudioIO\PerformanceAnalyzer.h">
      <Filter>Header Files</Filter>
    </ClInclude>
    <ClInclude Include="AudioIO\SongAnalyzer.h">
      <Filter>Header Files</Filter>
    </ClInclude>
    <ClInclude Include="AudioIO\UserVoiceAnalyzer.h">
      <Filter>Header Files</Filter>
    </ClInclude>
    <ClInclude Include="AudioIO\VoiceComparison.h">
      <Filter>Header Files</Filter>
    </ClInclude>
    <ClInclude Include="DSP\VocalWarmthEQ.h">
      <Filter>Header Files</Filter>
    </ClInclude>
    <ClInclude Include="DSP\VocalSaturation.h">
      <Filter>Header Files</Filter>
    </ClInclude>
    <ClInclude Include="DSP\Vocalharmonicenhancer.h">
      <Filter>Header Files</Filter>
    </ClInclude>
    <ClInclude Include="DSP\AirSheenFilter.h">
      <Filter>Header Files</Filter>
    </ClInclude>
    <ClInclude Include="DSP\VocalDoubler.h">
      <Filter>Header Files</Filter>
    </ClInclude>
    <ClInclude Include="DSP\SlapbackDelay.h">
      <Filter>Header Files</Filter>
    </ClInclude>
  </ItemGroup>
  <ItemGroup>
    <ClCompile Include="main.cpp">
      <Filter>Source Files</Filter>
    </ClCompile>
    <ClCompile Include="AudioEngine\AudioEngine.cpp">
      <Filter>Source Files</Filter>
    </ClCompile>
    <ClCompile Include="AudioIO\AudioDeviceManager.cpp">
      <Filter>Source Files</Filter>
    </ClCompile>
    <ClCompile Include="AudioIO\AudioBuffer.cpp">
      <Filter>Source Files</Filter>
    </ClCompile>
    <ClCompile Include="Player\AudioPlayer.cpp">
      <Filter>Source Files</Filter>
    </ClCompile>
    <ClCompile Include="DSP\AudioMixer.cpp">
      <Filter>Source Files</Filter>
    </ClCompile>
    <ClCompile Include="DSP\NoiseGate.cpp">
      <Filter>Source Files</Filter>
    </ClCompile>
    <ClCompile Include="DSP\Compressor.cpp">
      <Filter>Source Files</Filter>
    </ClCompile>
    <ClCompile Include="Reverb\Reverb.cpp">
      <Filter>Source Files</Filter>
    </ClCompile>
    <ClCompile Include="PitchDetector\PitchDetector.cpp">
      <Filter>Source Files</Filter>
    </ClCompile>
    <ClCompile Include="PitchAnalyzer\PitchAnalyzer.cpp">
      <Filter>Source Files</Filter>
    </ClCompile>
    <ClCompile Include="PitchShifter\PitchShifter.cpp">
      <Filter>Source Files</Filter>
    </ClCompile>
    <ClCompile Include="AudioIO\WavWriter.cpp">
      <Filter>Source Files</Filter>
    </ClCompile>
    <ClCompile Include="Player\FFmpegDecoder.cpp">
      <Filter>Source Files</Filter>
    </ClCompile>
    <ClCompile Include="DSP\Limiter.cpp">
      <Filter>Source Files</Filter>
    </ClCompile>
    <ClCompile Include="UI\MixerWidget.cpp">
      <Filter>Source Files</Filter>
    </ClCompile>
    <ClCompile Include="UI\PitchWidget.cpp">
      <Filter>Source Files</Filter>
    </ClCompile>
    <ClCompile Include="KaraokeDSPDashboard.cpp">
      <Filter>Source Files</Filter>
    </ClCompile>
    <ClCompile Include="PitchWorker\PitchWorker.cpp">
      <Filter>Source Files</Filter>
    </ClCompile>
    <ClCompile Include="NoiseSuppressor\Noisesuppressor .cpp">
      <Filter>Source Files</Filter>
    </ClCompile>
    <ClCompile Include="UI\PlayerWidget.cpp">
      <Filter>Source Files</Filter>
    </ClCompile>
    <ClCompile Include="DSP\YinPitchDetector.cpp">
      <Filter>Source Files</Filter>
    </ClCompile>
    <ClCompile Include="AudioIO\AudioStream.cpp">
      <Filter>Source Files</Filter>
    </ClCompile>
    <ClCompile Include="AudioIO\TargetPitchTimeline.cpp">
      <Filter>Source Files</Filter>
    </ClCompile>
    <ClCompile Include="AudioIO\TargetMelodyLoader.cpp">
      <Filter>Source Files</Filter>
    </ClCompile>
    <ClCompile Include="AudioIO\PitchComparisonEngine.cpp">
      <Filter>Source Files</Filter>
    </ClCompile>
    <ClCompile Include="AudioIO\PerformanceAnalyzer.cpp">
      <Filter>Source Files</Filter>
    </ClCompile>
    <ClCompile Include="AudioIO\VoiceComparison.cpp">
      <Filter>Source Files</Filter>
    </ClCompile>
  </ItemGroup>
  <ItemGroup>
    <QtMoc Include="UI\MixerWidget.h">
      <Filter>Header Files</Filter>
    </QtMoc>
    <QtMoc Include="UI\PitchWidget.h">
      <Filter>Header Files</Filter>
    </QtMoc>
    <QtMoc Include="UI\PlayerWidget.h">
      <Filter>Header Files</Filter>
    </QtMoc>
    <QtMoc Include="KaraokeDSPDashboard.h">
      <Filter>Header Files</Filter>
    </QtMoc>
    <QtMoc Include="AudioIO\AudioStream.h">
      <Filter>Header Files</Filter>
    </QtMoc>
  </ItemGroup>
  <ItemGroup>
    <None Include="sample_melody.json" />
  </ItemGroup>
</Project>